<?xml version="1.0" encoding="utf-8"?>
<Project xmlns="http://schemas.microsoft.com/developer/msbuild/2003">
  <ItemGroup>
    <Filter Include="Form Files">
      <UniqueIdentifier>{99349809-55BA-4b9d-BF79-8FDBB0286EB3}</UniqueIdentifier>
      <Extensions>ui</Extensions>
      <ParseFiles>false</ParseFiles>
    </Filter>
    <Filter Include="Form Files">
      <UniqueIdentifier>{99349809-55BA-4b9d-BF79-8FDBB0286EB3}</UniqueIdentifier>
      <Extensions>ui</Extensions>
      <ParseFiles>false</ParseFiles>
    </Filter>
    <Filter Include="Generated Files">
      <UniqueIdentifier>{71ED8ED8-ACB9-4CE9-BBE1-E00B30144E11}</UniqueIdentifier>
      <Extensions>cpp;c;cxx;moc;h;def;odl;idl;res;</Extensions>
    </Filter>
    <Filter Include="Generated Files">
      <UniqueIdentifier>{71ED8ED8-ACB9-4CE9-BBE1-E00B30144E11}</UniqueIdentifier>
      <Extensions>cpp;c;cxx;moc;h;def;odl;idl;res;</Extensions>
    </Filter>
    <Filter Include="Header Files">
      <UniqueIdentifier>{93995380-89BD-4b04-88EB-625FBE52EBFB}</UniqueIdentifier>
      <Extensions>h;hpp;hxx;hm;inl;inc;xsd</Extensions>
    </Filter>
    <Filter Include="Header Files">
      <UniqueIdentifier>{93995380-89BD-4b04-88EB-625FBE52EBFB}</UniqueIdentifier>
      <Extensions>h;hpp;hxx;hm;inl;inc;xsd</Extensions>
    </Filter>
    <Filter Include="Source Files">
      <UniqueIdentifier>{4FC737F1-C7A5-4376-A066-2A32D752A2FF}</UniqueIdentifier>
      <Extensions>cpp;c;cxx;def;odl;idl;hpj;bat;asm;asmx</Extensions>
    </Filter>
    <Filter Include="Source Files">
      <UniqueIdentifier>{4FC737F1-C7A5-4376-A066-2A32D752A2FF}</UniqueIdentifier>
      <Extensions>cpp;c;cxx;def;odl;idl;hpj;bat;asm;asmx</Extensions>
    </Filter>
  </ItemGroup>
  <ItemGroup>
    <ClCompile Include="log.cpp">
      <Filter>Source Files</Filter>
    </ClCompile>
    <ClCompile Include="main.cpp">
      <Filter>Source Files</Filter>
    </ClCompile>
    <ClCompile Include="mainwindow.cpp">
      <Filter>Source Files</Filter>
    </ClCompile>
    <ClCompile Include="databases\mnauthor.cpp">
      <Filter>Source Files</Filter>
    </ClCompile>
    <ClCompile Include="databases\mnbook.cpp">
      <Filter>Source Files</Filter>
    </ClCompile>
    <ClCompile Include="databases\mnbooklist.cpp">
      <Filter>Source Files</Filter>
    </ClCompile>
    <ClCompile Include="databases\mncat.cpp">
      <Filter>Source Files</Filter>
    </ClCompile>
    <ClCompile Include="imports\mndb.cpp">
      <Filter>Source Files</Filter>
    </ClCompile>
    <ClCompile Include="imports\mnimport.cpp">
      <Filter>Source Files</Filter>
    </ClCompile>
    <ClCompile Include="databases\mnindex.cpp">
      <Filter>Source Files</Filter>
    </ClCompile>
    <ClCompile Include="mninit.cpp">
      <Filter>Source Files</Filter>
    </ClCompile>
    <ClCompile Include="databases\mnmidtableslink.cpp">
      <Filter>Source Files</Filter>
    </ClCompile>
    <ClCompile Include="mnnass.cpp">
      <Filter>Source Files</Filter>
    </ClCompile>
    <ClCompile Include="databases\mnpage.cpp">
      <Filter>Source Files</Filter>
    </ClCompile>
    <ClCompile Include="imports\mnpathes.cpp">
      <Filter>Source Files</Filter>
    </ClCompile>
    <ClCompile Include="mnquery.cpp">
      <Filter>Source Files</Filter>
    </ClCompile>
    <ClCompile Include="mnrecord.cpp">
      <Filter>Source Files</Filter>
    </ClCompile>
    <ClCompile Include="databases\mnsearchbook.cpp">
      <Filter>Source Files</Filter>
    </ClCompile>
    <ClCompile Include="mnsql.cpp">
      <Filter>Source Files</Filter>
    </ClCompile>
    <ClCompile Include="databases\mntable.cpp">
      <Filter>Source Files</Filter>
    </ClCompile>
    <ClCompile Include="databases\mntachkil.cpp">
      <Filter>Source Files</Filter>
    </ClCompile>
    <ClCompile Include="databases\mnwords.cpp">
      <Filter>Source Files</Filter>
    </ClCompile>
  </ItemGroup>
  <ItemGroup>
    <ClInclude Include="MNConst.h">
      <Filter>Header Files</Filter>
    </ClInclude>
    <ClInclude Include="log.h">
      <Filter>Header Files</Filter>
    </ClInclude>
    <QtMoc Include="mainwindow.h">
      <Filter>Header Files</Filter>
    </QtMoc>
    <ClInclude Include="databases\mnauthor.h">
      <Filter>Header Files</Filter>
    </ClInclude>
    <ClInclude Include="databases\mnbook.h">
      <Filter>Header Files</Filter>
    </ClInclude>
    <ClInclude Include="databases\mnbooklist.h">
      <Filter>Header Files</Filter>
    </ClInclude>
    <ClInclude Include="databases\mncat.h">
      <Filter>Header Files</Filter>
    </ClInclude>
    <ClInclude Include="imports\mndb.h">
      <Filter>Header Files</Filter>
    </ClInclude>
    <ClInclude Include="imports\mnimport.h">
      <Filter>Header Files</Filter>
    </ClInclude>
    <ClInclude Include="databases\mnindex.h">
      <Filter>Header Files</Filter>
    </ClInclude>
    <ClInclude Include="mninit.h">
      <Filter>Header Files</Filter>
    </ClInclude>
    <ClInclude Include="databases\mnmidtableslink.h">
      <Filter>Header Files</Filter>
    </ClInclude>
    <ClInclude Include="mnnass.h">
      <Filter>Header Files</Filter>
    </ClInclude>
    <ClInclude Include="databases\mnpage.h">
      <Filter>Header Files</Filter>
    </ClInclude>
    <ClInclude Include="imports\mnpathes.h">
      <Filter>Header Files</Filter>
    </ClInclude>
    <ClInclude Include="mnquery.h">
      <Filter>Header Files</Filter>
    </ClInclude>
    <ClInclude Include="mnrecord.h">
      <Filter>Header Files</Filter>
    </ClInclude>
    <ClInclude Include="databases\mnsearchbook.h">
      <Filter>Header Files</Filter>
    </ClInclude>
    <ClInclude Include="mnsql.h">
      <Filter>Header Files</Filter>
    </ClInclude>
    <ClInclude Include="databases\mntable.h">
      <Filter>Header Files</Filter>
    </ClInclude>
    <ClInclude Include="databases\mntachkil.h">
      <Filter>Header Files</Filter>
    </ClInclude>
    <ClInclude Include="databases\mnwords.h">
      <Filter>Header Files</Filter>
    </ClInclude>
  </ItemGroup>
  <ItemGroup>
    
    
    <CustomBuild Include="debug\moc_predefs.h.cbt">
      <Filter>Generated Files</Filter>
    </CustomBuild>
    <CustomBuild Include="release\moc_predefs.h.cbt">
      <Filter>Generated Files</Filter>
    </CustomBuild>
    
  </ItemGroup>
  <ItemGroup>
    <QtUic Include="mainwindow.ui">
      <Filter>Form Files</Filter>
    </QtUic>
  </ItemGroup>
</Project>